{
	"name": "dbp-reader-cli",
	"version": "1.0.0",
	"lockfileVersion": 1,
	"requires": true,
	"dependencies": {
		"@types/node": {
			"version": "12.7.12",
			"resolved": "https://registry.npmjs.org/@types/node/-/node-12.7.12.tgz",
			"integrity": "sha512-KPYGmfD0/b1eXurQ59fXD1GBzhSQfz6/lKBxkaHX9dKTzjXbK68Zt7yGUxUsCS1jeTy/8aL+d9JEr+S54mpkWQ=="
		},
		"ansi-colors": {
			"version": "3.2.4",
			"resolved": "https://registry.npmjs.org/ansi-colors/-/ansi-colors-3.2.4.tgz",
			"integrity": "sha512-hHUXGagefjN2iRrID63xckIvotOXOojhQKWIPUZ4mNUZ9nLZW+7FMNoE1lOkEhNWYsx/7ysGIuJYCiMAA9FnrA=="
		},
		"enquirer": {
			"version": "2.3.2",
			"resolved": "https://registry.npmjs.org/enquirer/-/enquirer-2.3.2.tgz",
			"integrity": "sha512-PLhTMPUXlnaIv9D3Cq3/Zr1xb7soeDDgunobyCmYLUG19n24dvC8i+ZZgm2DekGpDnx7JvFSHV7lxfM58PMtbA==",
			"requires": {
				"ansi-colors": "^3.2.1"
			}
		},
		"typescript": {
			"version": "3.6.3",
			"resolved": "https://registry.npmjs.org/typescript/-/typescript-3.6.3.tgz",
			"integrity": "sha512-N7bceJL1CtRQ2RiG0AQME13ksR7DiuQh/QehubYcghzv20tnh+MQnQIuJddTmsbqYj+dztchykemz0zFzlvdQw=="
		}
	}
}
